{
  "nodes": {
    "aquamarine": {
      "inputs": {
        "hyprutils": [
          "hl",
          "hyprutils"
        ],
        "hyprwayland-scanner": [
          "hl",
          "hyprwayland-scanner"
        ],
        "nixpkgs": [
          "hl",
          "nixpkgs"
        ],
        "systems": [
          "hl",
          "systems"
        ]
      },
      "locked": {
        "lastModified": 1747864449,
        "narHash": "sha256-PIjVAWghZhr3L0EFM2UObhX84UQxIACbON0IC0zzSKA=",
        "owner": "hyprwm",
        "repo": "aquamarine",
        "rev": "389372c5f4dc1ac0e7645ed29a35fd6d71672ef5",
        "type": "github"
      },
      "original": {
        "owner": "hyprwm",
        "repo": "aquamarine",
        "type": "github"
      }
    },
    "ctp": {
      "inputs": {
        "nixpkgs": "nixpkgs"
      },
      "locked": {
        "lastModified": 1748080874,
        "narHash": "sha256-sUebEzAkrY8Aq5G0GHFyRddmRNGP/a2iTtV7ISNvi/c=",
        "owner": "catppuccin",
        "repo": "nix",
        "rev": "0ba11b12be81f0849a89ed17ab635164ea8f0112",
        "type": "github"
      },
      "original": {
        "owner": "catppuccin",
        "repo": "nix",
        "type": "github"
      }
    },
    "disko": {
      "inputs": {
        "nixpkgs": [
          "na",
          "nixpkgs"
        ]
      },
      "locked": {
        "lastModified": 1747274630,
        "narHash": "sha256-87RJwXbfOHyzTB9LYagAQ6vOZhszCvd8Gvudu+gf3qo=",
        "owner": "nix-community",
        "repo": "disko",
        "rev": "ec7c109a4f794fce09aad87239eab7f66540b888",
        "type": "github"
      },
      "original": {
        "owner": "nix-community",
        "ref": "master",
        "repo": "disko",
        "type": "github"
      }
    },
    "dsk": {
      "inputs": {
        "nixpkgs": "nixpkgs_2"
      },
      "locked": {
        "lastModified": 1748225455,
        "narHash": "sha256-AzlJCKaM4wbEyEpV3I/PUq5mHnib2ryEy32c+qfj6xk=",
        "owner": "nix-community",
        "repo": "disko",
        "rev": "a894f2811e1ee8d10c50560551e50d6ab3c392ba",
        "type": "github"
      },
      "original": {
        "owner": "nix-community",
        "repo": "disko",
        "type": "github"
      }
    },
    "flake-compat": {
      "flake": false,
      "locked": {
        "lastModified": 1696426674,
        "narHash": "sha256-kvjfFW7WAETZlt09AgDn1MrtKzP7t90Vf7vypd3OL1U=",
        "owner": "edolstra",
        "repo": "flake-compat",
        "rev": "0f9255e01c2351cc7d116c072cb317785dd33b33",
        "type": "github"
      },
      "original": {
        "owner": "edolstra",
        "repo": "flake-compat",
        "type": "github"
      }
    },
    "flake-parts": {
      "inputs": {
        "nixpkgs-lib": [
          "na",
          "nixpkgs"
        ]
      },
      "locked": {
        "lastModified": 1743550720,
        "narHash": "sha256-hIshGgKZCgWh6AYJpJmRgFdR3WUbkY04o82X05xqQiY=",
        "owner": "hercules-ci",
        "repo": "flake-parts",
        "rev": "c621e8422220273271f52058f618c94e405bb0f5",
        "type": "github"
      },
      "original": {
        "owner": "hercules-ci",
        "repo": "flake-parts",
        "type": "github"
      }
    },
    "gitignore": {
      "inputs": {
        "nixpkgs": [
          "hl",
          "pre-commit-hooks",
          "nixpkgs"
        ]
      },
      "locked": {
        "lastModified": 1709087332,
        "narHash": "sha256-HG2cCnktfHsKV0s4XW83gU3F57gaTljL9KNSuG6bnQs=",
        "owner": "hercules-ci",
        "repo": "gitignore.nix",
        "rev": "637db329424fd7e46cf4185293b9cc8c88c95394",
        "type": "github"
      },
      "original": {
        "owner": "hercules-ci",
        "repo": "gitignore.nix",
        "type": "github"
      }
    },
    "hl": {
      "inputs": {
        "aquamarine": "aquamarine",
        "hyprcursor": "hyprcursor",
        "hyprgraphics": "hyprgraphics",
        "hyprland-protocols": "hyprland-protocols",
        "hyprland-qtutils": "hyprland-qtutils",
        "hyprlang": "hyprlang",
        "hyprutils": "hyprutils",
        "hyprwayland-scanner": "hyprwayland-scanner",
        "nixpkgs": "nixpkgs_3",
        "pre-commit-hooks": "pre-commit-hooks",
        "systems": "systems",
        "xdph": "xdph"
      },
      "locked": {
        "lastModified": 1748438403,
        "narHash": "sha256-uNgR25LfmSOYQ1wNlC91UZ/avt+bmxZpwlqOYM6vI20=",
        "owner": "hyprwm",
        "repo": "Hyprland",
        "rev": "9bf1b491440eac6f9c0d6853013ad5666c12d1d9",
        "type": "github"
      },
      "original": {
        "owner": "hyprwm",
        "repo": "Hyprland",
        "type": "github"
      }
    },
    "hlp": {
      "inputs": {
        "hyprland": [
          "hl"
        ],
        "nixpkgs": [
          "hlp",
          "hyprland",
          "nixpkgs"
        ],
        "systems": [
          "hlp",
          "hyprland",
          "systems"
        ]
      },
      "locked": {
        "lastModified": 1748526041,
        "narHash": "sha256-QyUACXhQJ2+K0YxwEuAfpyCXqbdCCHj1jNAWJy+vUxw=",
        "owner": "hyprwm",
        "repo": "hyprland-plugins",
        "rev": "2eee96fe52fa0923c0aae647eb7901b5b51df3db",
        "type": "github"
      },
      "original": {
        "owner": "hyprwm",
        "repo": "hyprland-plugins",
        "type": "github"
      }
    },
    "hm": {
      "inputs": {
        "nixpkgs": [
          "nixpkgs"
        ]
      },
      "locked": {
        "lastModified": 1748570847,
        "narHash": "sha256-XU1a6wFctd+s3ZvBIFB6s4GhPJ+Oc6pkeOrEsbA2fMo=",
        "owner": "nix-community",
        "repo": "home-manager",
        "rev": "4e9efaa68b0be7e19127dad4f0506a9b89e28ef4",
        "type": "github"
      },
      "original": {
        "owner": "nix-community",
        "ref": "master",
        "repo": "home-manager",
        "type": "github"
      }
    },
    "hyprcursor": {
      "inputs": {
        "hyprlang": [
          "hl",
          "hyprlang"
        ],
        "nixpkgs": [
          "hl",
          "nixpkgs"
        ],
        "systems": [
          "hl",
          "systems"
        ]
      },
      "locked": {
        "lastModified": 1745948457,
        "narHash": "sha256-lzTV10FJTCGNtMdgW5YAhCAqezeAzKOd/97HbQK8GTU=",
        "owner": "hyprwm",
        "repo": "hyprcursor",
        "rev": "ac903e80b33ba6a88df83d02232483d99f327573",
        "type": "github"
      },
      "original": {
        "owner": "hyprwm",
        "repo": "hyprcursor",
        "type": "github"
      }
    },
    "hyprgraphics": {
      "inputs": {
        "hyprutils": [
          "hl",
          "hyprutils"
        ],
        "nixpkgs": [
          "hl",
          "nixpkgs"
        ],
        "systems": [
          "hl",
          "systems"
        ]
      },
      "locked": {
        "lastModified": 1745015490,
        "narHash": "sha256-apEJ9zoSzmslhJ2vOKFcXTMZLUFYzh1ghfB6Rbw3Low=",
        "owner": "hyprwm",
        "repo": "hyprgraphics",
        "rev": "60754910946b4e2dc1377b967b7156cb989c5873",
        "type": "github"
      },
      "original": {
        "owner": "hyprwm",
        "repo": "hyprgraphics",
        "type": "github"
      }
    },
    "hyprland-protocols": {
      "inputs": {
        "nixpkgs": [
          "hl",
          "nixpkgs"
        ],
        "systems": [
          "hl",
          "systems"
        ]
      },
      "locked": {
        "lastModified": 1743714874,
        "narHash": "sha256-yt8F7NhMFCFHUHy/lNjH/pjZyIDFNk52Q4tivQ31WFo=",
        "owner": "hyprwm",
        "repo": "hyprland-protocols",
        "rev": "3a5c2bda1c1a4e55cc1330c782547695a93f05b2",
        "type": "github"
      },
      "original": {
        "owner": "hyprwm",
        "repo": "hyprland-protocols",
        "type": "github"
      }
    },
    "hyprland-qt-support": {
      "inputs": {
        "hyprlang": [
          "hl",
          "hyprland-qtutils",
          "hyprlang"
        ],
        "nixpkgs": [
          "hl",
          "hyprland-qtutils",
          "nixpkgs"
        ],
        "systems": [
          "hl",
          "hyprland-qtutils",
          "systems"
        ]
      },
      "locked": {
        "lastModified": 1737634706,
        "narHash": "sha256-nGCibkfsXz7ARx5R+SnisRtMq21IQIhazp6viBU8I/A=",
        "owner": "hyprwm",
        "repo": "hyprland-qt-support",
        "rev": "8810df502cdee755993cb803eba7b23f189db795",
        "type": "github"
      },
      "original": {
        "owner": "hyprwm",
        "repo": "hyprland-qt-support",
        "type": "github"
      }
    },
    "hyprland-qtutils": {
      "inputs": {
        "hyprland-qt-support": "hyprland-qt-support",
        "hyprlang": [
          "hl",
          "hyprlang"
        ],
        "hyprutils": [
          "hl",
          "hyprland-qtutils",
          "hyprlang",
          "hyprutils"
        ],
        "nixpkgs": [
          "hl",
          "nixpkgs"
        ],
        "systems": [
          "hl",
          "systems"
        ]
      },
      "locked": {
        "lastModified": 1745951494,
        "narHash": "sha256-2dModE32doiyQMmd6EDAQeZnz+5LOs6KXyE0qX76WIg=",
        "owner": "hyprwm",
        "repo": "hyprland-qtutils",
        "rev": "4be1d324faf8d6e82c2be9f8510d299984dfdd2e",
        "type": "github"
      },
      "original": {
        "owner": "hyprwm",
        "repo": "hyprland-qtutils",
        "type": "github"
      }
    },
    "hyprlang": {
      "inputs": {
        "hyprutils": [
          "hl",
          "hyprutils"
        ],
        "nixpkgs": [
          "hl",
          "nixpkgs"
        ],
        "systems": [
          "hl",
          "systems"
        ]
      },
      "locked": {
        "lastModified": 1747484975,
        "narHash": "sha256-+LAQ81HBwG0lwshHlWe0kfWg4KcChIPpnwtnwqmnoEU=",
        "owner": "hyprwm",
        "repo": "hyprlang",
        "rev": "163c83b3db48a17c113729c220a60b94596c9291",
        "type": "github"
      },
      "original": {
        "owner": "hyprwm",
        "repo": "hyprlang",
        "type": "github"
      }
    },
    "hyprutils": {
      "inputs": {
        "nixpkgs": [
          "hl",
          "nixpkgs"
        ],
        "systems": [
          "hl",
          "systems"
        ]
      },
      "locked": {
        "lastModified": 1746635225,
        "narHash": "sha256-W9G9bb0zRYDBRseHbVez0J8qVpD5QbizX67H/vsudhM=",
        "owner": "hyprwm",
        "repo": "hyprutils",
        "rev": "674ea57373f08b7609ce93baff131117a0dfe70d",
        "type": "github"
      },
      "original": {
        "owner": "hyprwm",
        "repo": "hyprutils",
        "type": "github"
      }
    },
    "hyprwayland-scanner": {
      "inputs": {
        "nixpkgs": [
          "hl",
          "nixpkgs"
        ],
        "systems": [
          "hl",
          "systems"
        ]
      },
      "locked": {
        "lastModified": 1747584298,
        "narHash": "sha256-PH9qZqWLHvSBQiUnA0NzAyQA3tu2no2z8kz0ZeHWj4w=",
        "owner": "hyprwm",
        "repo": "hyprwayland-scanner",
        "rev": "e511882b9c2e1d7a75d45d8fddd2160daeafcbc3",
        "type": "github"
      },
      "original": {
        "owner": "hyprwm",
        "repo": "hyprwayland-scanner",
        "type": "github"
      }
    },
    "na": {
      "inputs": {
        "disko": "disko",
        "flake-parts": "flake-parts",
        "nixos-images": "nixos-images",
        "nixos-stable": "nixos-stable",
        "nixpkgs": "nixpkgs_4",
        "treefmt-nix": "treefmt-nix"
      },
      "locked": {
        "lastModified": 1747902977,
        "narHash": "sha256-P39dIT2qvpjZzWI+tUIHUQEQ36YKzlOPSXpE5ccikMY=",
        "owner": "nix-community",
        "repo": "nixos-anywhere",
        "rev": "b21cc6ab00338644ce7ccdc390343dd3a1ee3960",
        "type": "github"
      },
      "original": {
        "owner": "nix-community",
        "repo": "nixos-anywhere",
        "type": "github"
      }
    },
    "nixos-images": {
      "inputs": {
        "nixos-stable": [
          "na",
          "nixos-stable"
        ],
        "nixos-unstable": [
          "na",
          "nixpkgs"
        ]
      },
      "locked": {
        "lastModified": 1747271391,
        "narHash": "sha256-dI5ZPey12JQq+9VyfufwchPC4gGjQB46zVyEfLcnJdU=",
        "owner": "nix-community",
        "repo": "nixos-images",
        "rev": "20a679e918b5b47850b9f98b4ad4f8d3eac0741f",
        "type": "github"
      },
      "original": {
        "owner": "nix-community",
        "repo": "nixos-images",
        "type": "github"
      }
    },
    "nixos-stable": {
      "locked": {
        "lastModified": 1747335874,
        "narHash": "sha256-IKKIXTSYJMmUtE+Kav5Rob8SgLPnfnq4Qu8LyT4gdqQ=",
        "owner": "NixOS",
        "repo": "nixpkgs",
        "rev": "ba8b70ee098bc5654c459d6a95dfc498b91ff858",
        "type": "github"
      },
      "original": {
        "owner": "NixOS",
        "ref": "nixos-24.11",
        "repo": "nixpkgs",
        "type": "github"
      }
    },
    "nixpkgs": {
      "locked": {
        "lastModified": 1744463964,
        "narHash": "sha256-LWqduOgLHCFxiTNYi3Uj5Lgz0SR+Xhw3kr/3Xd0GPTM=",
        "owner": "NixOS",
        "repo": "nixpkgs",
        "rev": "2631b0b7abcea6e640ce31cd78ea58910d31e650",
        "type": "github"
      },
      "original": {
        "owner": "NixOS",
        "ref": "nixos-unstable",
        "repo": "nixpkgs",
        "type": "github"
      }
    },
    "nixpkgs_2": {
      "locked": {
        "lastModified": 1748186667,
        "narHash": "sha256-UQubDNIQ/Z42R8tPCIpY+BOhlxO8t8ZojwC9o2FW3c8=",
        "owner": "NixOS",
        "repo": "nixpkgs",
        "rev": "bdac72d387dca7f836f6ef1fe547755fb0e9df61",
        "type": "github"
      },
      "original": {
        "owner": "NixOS",
        "ref": "nixpkgs-unstable",
        "repo": "nixpkgs",
        "type": "github"
      }
    },
    "nixpkgs_3": {
      "locked": {
        "lastModified": 1748026106,
        "narHash": "sha256-6m1Y3/4pVw1RWTsrkAK2VMYSzG4MMIj7sqUy7o8th1o=",
        "owner": "NixOS",
        "repo": "nixpkgs",
        "rev": "063f43f2dbdef86376cc29ad646c45c46e93234c",
        "type": "github"
      },
      "original": {
        "owner": "NixOS",
        "ref": "nixos-unstable",
        "repo": "nixpkgs",
        "type": "github"
      }
    },
    "nixpkgs_4": {
      "locked": {
        "lastModified": 1747504449,
        "narHash": "sha256-buLbkxDemkwIsTe4rwK/yVW4sl8Z9wlX9xPTcckXmTA=",
        "owner": "nixos",
        "repo": "nixpkgs",
        "rev": "6315e9c1c21f6ed5054b815c5aee7512e9a019f2",
        "type": "github"
      },
      "original": {
        "owner": "nixos",
        "ref": "nixos-unstable-small",
        "repo": "nixpkgs",
        "type": "github"
      }
    },
    "nixpkgs_5": {
      "locked": {
        "lastModified": 1748370509,
        "narHash": "sha256-QlL8slIgc16W5UaI3w7xHQEP+Qmv/6vSNTpoZrrSlbk=",
        "owner": "nixos",
        "repo": "nixpkgs",
        "rev": "4faa5f5321320e49a78ae7848582f684d64783e9",
        "type": "github"
      },
      "original": {
        "owner": "nixos",
        "ref": "nixos-unstable",
        "repo": "nixpkgs",
        "type": "github"
      }
    },
    "pre-commit-hooks": {
      "inputs": {
        "flake-compat": "flake-compat",
        "gitignore": "gitignore",
        "nixpkgs": [
          "hl",
          "nixpkgs"
        ]
      },
      "locked": {
        "lastModified": 1747372754,
        "narHash": "sha256-2Y53NGIX2vxfie1rOW0Qb86vjRZ7ngizoo+bnXU9D9k=",
        "owner": "cachix",
        "repo": "git-hooks.nix",
        "rev": "80479b6ec16fefd9c1db3ea13aeb038c60530f46",
        "type": "github"
      },
      "original": {
        "owner": "cachix",
        "repo": "git-hooks.nix",
        "type": "github"
      }
    },
    "root": {
      "inputs": {
        "ctp": "ctp",
        "dsk": "dsk",
        "hl": "hl",
        "hlp": "hlp",
        "hm": "hm",
        "na": "na",
        "nixpkgs": "nixpkgs_5"
      }
    },
    "systems": {
      "locked": {
        "lastModified": 1689347949,
        "narHash": "sha256-12tWmuL2zgBgZkdoB6qXZsgJEH9LR3oUgpaQq2RbI80=",
        "owner": "nix-systems",
        "repo": "default-linux",
        "rev": "31732fcf5e8fea42e59c2488ad31a0e651500f68",
        "type": "github"
      },
      "original": {
        "owner": "nix-systems",
        "repo": "default-linux",
        "type": "github"
      }
    },
    "treefmt-nix": {
      "inputs": {
        "nixpkgs": [
          "na",
          "nixpkgs"
        ]
      },
      "locked": {
        "lastModified": 1747469671,
        "narHash": "sha256-bo1ptiFoNqm6m1B2iAhJmWCBmqveLVvxom6xKmtuzjg=",
        "owner": "numtide",
        "repo": "treefmt-nix",
        "rev": "ab0378b61b0d85e73a8ab05d5c6029b5bd58c9fb",
        "type": "github"
      },
      "original": {
        "owner": "numtide",
        "repo": "treefmt-nix",
        "type": "github"
      }
    },
    "xdph": {
      "inputs": {
        "hyprland-protocols": [
          "hl",
          "hyprland-protocols"
        ],
        "hyprlang": [
          "hl",
          "hyprlang"
        ],
        "hyprutils": [
          "hl",
          "hyprutils"
        ],
        "hyprwayland-scanner": [
          "hl",
          "hyprwayland-scanner"
        ],
        "nixpkgs": [
          "hl",
          "nixpkgs"
        ],
        "systems": [
          "hl",
          "systems"
        ]
      },
      "locked": {
        "lastModified": 1745871725,
        "narHash": "sha256-M24SNc2flblWGXFkGQfqSlEOzAGZnMc9QG3GH4K/KbE=",
        "owner": "hyprwm",
        "repo": "xdg-desktop-portal-hyprland",
        "rev": "76bbf1a6b1378e4ab5230bad00ad04bc287c969e",
        "type": "github"
      },
      "original": {
        "owner": "hyprwm",
        "repo": "xdg-desktop-portal-hyprland",
        "type": "github"
      }
    }
  },
  "root": "root",
  "version": 7
}
