{
  "nodes": {
    "ctp": {
      "inputs": {
        "nixpkgs": "nixpkgs"
      },
      "locked": {
        "lastModified": 1739934729,
        "narHash": "sha256-PcrLk10meIJICzUJqtCMOJxoITzbH52fZg2XAB7SSsM=",
        "owner": "catppuccin",
        "repo": "nix",
        "rev": "b1ff2a638afa827f1473498190a2c1cae1cf41cf",
        "type": "github"
      },
      "original": {
        "owner": "catppuccin",
        "repo": "nix",
        "type": "github"
      }
    },
    "flake-compat": {
      "flake": false,
      "locked": {
        "lastModified": 1733328505,
        "narHash": "sha256-NeCCThCEP3eCl2l/+27kNNK7QrwZB1IJCrXfrbv5oqU=",
        "owner": "edolstra",
        "repo": "flake-compat",
        "rev": "ff81ac966bb2cae68946d5ed5fc4994f96d0ffec",
        "type": "github"
      },
      "original": {
        "owner": "edolstra",
        "repo": "flake-compat",
        "type": "github"
      }
    },
    "hm": {
      "inputs": {
        "nixpkgs": [
          "nixpkgs"
        ]
      },
      "locked": {
        "lastModified": 1740699498,
        "narHash": "sha256-r9hkKzX99CGiP1ZqH0e+SWKK4CMsRNRLyotuwrUjhTI=",
        "owner": "nix-community",
        "repo": "home-manager",
        "rev": "b71edac7a3167026aabea82a54d08b1794088c21",
        "type": "github"
      },
      "original": {
        "owner": "nix-community",
        "ref": "master",
        "repo": "home-manager",
        "type": "github"
      }
    },
    "nixpkgs": {
      "locked": {
        "lastModified": 1736012469,
        "narHash": "sha256-/qlNWm/IEVVH7GfgAIyP6EsVZI6zjAx1cV5zNyrs+rI=",
        "owner": "NixOS",
        "repo": "nixpkgs",
        "rev": "8f3e1f807051e32d8c95cd12b9b421623850a34d",
        "type": "github"
      },
      "original": {
        "owner": "NixOS",
        "ref": "nixos-unstable",
        "repo": "nixpkgs",
        "type": "github"
      }
    },
    "nixpkgs_2": {
      "locked": {
        "lastModified": 1740367490,
        "narHash": "sha256-WGaHVAjcrv+Cun7zPlI41SerRtfknGQap281+AakSAw=",
        "owner": "nixos",
        "repo": "nixpkgs",
        "rev": "0196c0175e9191c474c26ab5548db27ef5d34b05",
        "type": "github"
      },
      "original": {
        "owner": "nixos",
        "ref": "nixos-unstable",
        "repo": "nixpkgs",
        "type": "github"
      }
    },
    "nixpkgs_3": {
      "locked": {
        "lastModified": 1740463929,
        "narHash": "sha256-4Xhu/3aUdCKeLfdteEHMegx5ooKQvwPHNkOgNCXQrvc=",
        "owner": "NixOS",
        "repo": "nixpkgs",
        "rev": "5d7db4668d7a0c6cc5fc8cf6ef33b008b2b1ed8b",
        "type": "github"
      },
      "original": {
        "owner": "NixOS",
        "ref": "nixos-24.11",
        "repo": "nixpkgs",
        "type": "github"
      }
    },
    "root": {
      "inputs": {
        "ctp": "ctp",
        "hm": "hm",
        "nixpkgs": "nixpkgs_2",
        "wsl": "wsl"
      }
    },
    "wsl": {
      "inputs": {
        "flake-compat": "flake-compat",
        "nixpkgs": "nixpkgs_3"
      },
      "locked": {
        "lastModified": 1740567864,
        "narHash": "sha256-eTS2wrC1jKR6PKXC9jZqQy5PwqbIOBLSLF3dwLiFJ8M=",
        "owner": "nix-community",
        "repo": "NixOS-WSL",
        "rev": "1f40b43d01626ce994eb47150afa0d7215f396ca",
        "type": "github"
      },
      "original": {
        "owner": "nix-community",
        "ref": "main",
        "repo": "NixOS-WSL",
        "type": "github"
      }
    }
  },
  "root": "root",
  "version": 7
}
